
Microsoft Visual Studio Solution File, Format Version 12.00
# Visual Studio Version 17
VisualStudioVersion = 17.6.33815.320
MinimumVisualStudioVersion = 10.0.40219.1
Project("{FAE04EC0-301F-11D3-BF4B-00C04F79EFBC}") = "Advent2023_2", "Advent2023_2.csproj", "{CBF21DC9-A857-4408-A4FD-DC415B6F6AEB}"
EndProject
Global
	GlobalSection(SolutionConfigurationPlatforms) = preSolution
		Debug|Any CPU = Debug|Any CPU
		Release|Any CPU = Release|Any CPU
	EndGlobalSection
	GlobalSection(ProjectConfigurationPlatforms) = postSolution
		{CBF21DC9-A857-4408-A4FD-DC415B6F6AEB}.Debug|Any CPU.ActiveCfg = Debug|Any CPU
		{CBF21DC9-A857-4408-A4FD-DC415B6F6AEB}.Debug|Any CPU.Build.0 = Debug|Any CPU
		{CBF21DC9-A857-4408-A4FD-DC415B6F6AEB}.Release|Any CPU.ActiveCfg = Release|Any CPU
		{CBF21DC9-A857-4408-A4FD-DC415B6F6AEB}.Release|Any CPU.Build.0 = Release|Any CPU
	EndGlobalSection
	GlobalSection(SolutionProperties) = preSolution
		HideSolutionNode = FALSE
	EndGlobalSection
	GlobalSection(ExtensibilityGlobals) = postSolution
		SolutionGuid = {6FE11CEB-C700-45E2-B1F5-331865DB994F}
	EndGlobalSection
EndGlobal
